
Microsoft Visual Studio Solution File, Format Version 11.00
# Visual Studio 2010
Project("{FAE04EC0-301F-11D3-BF4B-00C04F79EFBC}") = "ExCSS.Unity.VS2010", "ExCSS\ExCSS.Unity.VS2010.csproj", "{352317FE-E35E-4757-97C8-6B3E41E3B7FA}"
EndProject
Project("{FAE04EC0-301F-11D3-BF4B-00C04F79EFBC}") = "ExCSS.Unity.Tests", "ExCSS.Tests\ExCSS.Unity.Tests.csproj", "{147EDF35-9844-4D47-92E6-1289D61B53DC}"
EndProject
Global
	GlobalSection(SolutionConfigurationPlatforms) = preSolution
		Debug|Any CPU = Debug|Any CPU
		Release|Any CPU = Release|Any CPU
	EndGlobalSection
	GlobalSection(ProjectConfigurationPlatforms) = postSolution
		{352317FE-E35E-4757-97C8-6B3E41E3B7FA}.Debug|Any CPU.ActiveCfg = Debug|Any CPU
		{352317FE-E35E-4757-97C8-6B3E41E3B7FA}.Debug|Any CPU.Build.0 = Debug|Any CPU
		{352317FE-E35E-4757-97C8-6B3E41E3B7FA}.Release|Any CPU.ActiveCfg = Release|Any CPU
		{352317FE-E35E-4757-97C8-6B3E41E3B7FA}.Release|Any CPU.Build.0 = Release|Any CPU
		{147EDF35-9844-4D47-92E6-1289D61B53DC}.Debug|Any CPU.ActiveCfg = Debug|Any CPU
		{147EDF35-9844-4D47-92E6-1289D61B53DC}.Debug|Any CPU.Build.0 = Debug|Any CPU
		{147EDF35-9844-4D47-92E6-1289D61B53DC}.Release|Any CPU.ActiveCfg = Release|Any CPU
		{147EDF35-9844-4D47-92E6-1289D61B53DC}.Release|Any CPU.Build.0 = Release|Any CPU
	EndGlobalSection
	GlobalSection(SolutionProperties) = preSolution
		HideSolutionNode = FALSE
	EndGlobalSection
EndGlobal
